
Microsoft Visual Studio Solution File, Format Version 12.00
# Visual Studio Version 17
VisualStudioVersion = 17.7.34031.279
MinimumVisualStudioVersion = 10.0.40219.1
Project("{FAE04EC0-301F-11D3-BF4B-00C04F79EFBC}") = "GestionInventarioMinorista", "GestionInventarioMinorista\GestionInventarioMinorista.csproj", "{C3B5FD16-70CD-4166-934D-44A4B7A50A02}"
EndProject
Global
	GlobalSection(SolutionConfigurationPlatforms) = preSolution
		Debug|Any CPU = Debug|Any CPU
		Release|Any CPU = Release|Any CPU
	EndGlobalSection
	GlobalSection(ProjectConfigurationPlatforms) = postSolution
		{C3B5FD16-70CD-4166-934D-44A4B7A50A02}.Debug|Any CPU.ActiveCfg = Debug|Any CPU
		{C3B5FD16-70CD-4166-934D-44A4B7A50A02}.Debug|Any CPU.Build.0 = Debug|Any CPU
		{C3B5FD16-70CD-4166-934D-44A4B7A50A02}.Release|Any CPU.ActiveCfg = Release|Any CPU
		{C3B5FD16-70CD-4166-934D-44A4B7A50A02}.Release|Any CPU.Build.0 = Release|Any CPU
	EndGlobalSection
	GlobalSection(SolutionProperties) = preSolution
		HideSolutionNode = FALSE
	EndGlobalSection
	GlobalSection(ExtensibilityGlobals) = postSolution
		SolutionGuid = {C0293882-04C2-4CF8-A970-C86C00591281}
	EndGlobalSection
EndGlobal
